# THIS IS AN AUTOGENERATED FILE. DO NOT EDIT THIS FILE DIRECTLY.
# yarn lockfile v1


"@bower_components/bootstrap-switch@nostalgiaz/bootstrap-switch#~2.0.1":
  version "2.0.1"
  resolved "https://codeload.github.com/nostalgiaz/bootstrap-switch/tar.gz/8464563c39977d688e354ecb40243bccbf531e1f"
  dependencies:
    jquery ">=1.9.0"

"@bower_components/bootstrap@twbs/bootstrap#~3.0.0":
  version "3.0.3"
  resolved "https://codeload.github.com/twbs/bootstrap/tar.gz/6d03173a1aad98e75f7d33e65b411c519176c59a"

"@bower_components/codemirror@components/codemirror#~3.19.0":
  version "3.19.0"
  resolved "https://codeload.github.com/components/codemirror/tar.gz/231e235b07ce03d46baac93b2da5c3447ccfdd1f"

"@bower_components/fullcalendar@fullcalendar/fullcalendar#~1.6.4":
  version "1.6.7"
  resolved "https://codeload.github.com/fullcalendar/fullcalendar/tar.gz/92d9f7ec4e345db5f476105f5bfd482e97f1f07a"

"@bower_components/handlebars@components/handlebars.js#~2.0.0-alpha.1":
  version "0.0.0"
  resolved "https://codeload.github.com/components/handlebars.js/tar.gz/c885aa829542dc739b53ffc8e9372856a3d8c86d"

"@bower_components/jquery@jquery/jquery-dist#~1.10.2":
  version "1.10.2"
  resolved "https://codeload.github.com/jquery/jquery-dist/tar.gz/16b079b164d62bd807c612806842a13bf9b04d17"

"@bower_components/moment@moment/moment#~2.5.1":
  version "2.5.1"
  resolved "https://codeload.github.com/moment/moment/tar.gz/abc3a14b2ed7c9f4ff420395f3e1f198459528d8"

"@bower_components/mustache@janl/mustache.js#~0.8.1":
  version "0.8.2"
  resolved "https://codeload.github.com/janl/mustache.js/tar.gz/c68b434eb438394d1b069e38ba9d582c8d1fd28f"

"@bower_components/select2@ivaynberg/select2#~3.4.3":
  version "3.4.8"
  resolved "https://codeload.github.com/ivaynberg/select2/tar.gz/b5f3b2839c48c53f9641d6bb1bccafc5260c7620"

jquery@>=1.9.0:
  version "3.3.1"
  resolved "https://registry.yarnpkg.com/jquery/-/jquery-3.3.1.tgz#958ce29e81c9790f31be7792df5d4d95fc57fbca"
